
Microsoft Visual Studio Solution File, Format Version 12.00
# Visual Studio Version 16
VisualStudioVersion = 16.0.30320.27
MinimumVisualStudioVersion = 10.0.40219.1
Project("{FAE04EC0-301F-11D3-BF4B-00C04F79EFBC}") = "eutazas", "eutazas.csproj", "{E75D7641-0751-469E-AE30-D1F0C470828C}"
EndProject
Global
	GlobalSection(SolutionConfigurationPlatforms) = preSolution
		Debug|Any CPU = Debug|Any CPU
		Release|Any CPU = Release|Any CPU
	EndGlobalSection
	GlobalSection(ProjectConfigurationPlatforms) = postSolution
		{E75D7641-0751-469E-AE30-D1F0C470828C}.Debug|Any CPU.ActiveCfg = Debug|Any CPU
		{E75D7641-0751-469E-AE30-D1F0C470828C}.Debug|Any CPU.Build.0 = Debug|Any CPU
		{E75D7641-0751-469E-AE30-D1F0C470828C}.Release|Any CPU.ActiveCfg = Release|Any CPU
		{E75D7641-0751-469E-AE30-D1F0C470828C}.Release|Any CPU.Build.0 = Release|Any CPU
	EndGlobalSection
	GlobalSection(SolutionProperties) = preSolution
		HideSolutionNode = FALSE
	EndGlobalSection
	GlobalSection(ExtensibilityGlobals) = postSolution
		SolutionGuid = {12D10130-83F8-423D-AC9B-A5057DA6E08D}
	EndGlobalSection
EndGlobal
